
Microsoft Visual Studio Solution File, Format Version 12.00
# Visual Studio 15
VisualStudioVersion = 15.0.27703.2042
MinimumVisualStudioVersion = 10.0.40219.1
Project("{FAE04EC0-301F-11D3-BF4B-00C04F79EFBC}") = "RefitSample", "RefitSample\RefitSample.csproj", "{46FC766E-82E6-431E-8E32-2E8CD1810F35}"
EndProject
Global
	GlobalSection(SolutionConfigurationPlatforms) = preSolution
		Debug|Any CPU = Debug|Any CPU
		Release|Any CPU = Release|Any CPU
	EndGlobalSection
	GlobalSection(ProjectConfigurationPlatforms) = postSolution
		{46FC766E-82E6-431E-8E32-2E8CD1810F35}.Debug|Any CPU.ActiveCfg = Debug|Any CPU
		{46FC766E-82E6-431E-8E32-2E8CD1810F35}.Debug|Any CPU.Build.0 = Debug|Any CPU
		{46FC766E-82E6-431E-8E32-2E8CD1810F35}.Release|Any CPU.ActiveCfg = Release|Any CPU
		{46FC766E-82E6-431E-8E32-2E8CD1810F35}.Release|Any CPU.Build.0 = Release|Any CPU
	EndGlobalSection
	GlobalSection(SolutionProperties) = preSolution
		HideSolutionNode = FALSE
	EndGlobalSection
	GlobalSection(ExtensibilityGlobals) = postSolution
		SolutionGuid = {3A1ED5F0-0E45-491B-BFA9-8BAFCA0709D6}
	EndGlobalSection
EndGlobal
